
Microsoft Visual Studio Solution File, Format Version 12.00
# Visual Studio Version 16
VisualStudioVersion = 16.0.30503.244
MinimumVisualStudioVersion = 10.0.40219.1
Project("{FAE04EC0-301F-11D3-BF4B-00C04F79EFBC}") = "MovieApp.Web", "MovieApp.Web\MovieApp.Web.csproj", "{1F6DA028-D4FA-413F-9CA2-88128394F833}"
EndProject
Project("{FAE04EC0-301F-11D3-BF4B-00C04F79EFBC}") = "MovieApp.data", "MovieApp.data\MovieApp.data.csproj", "{87CE6706-FE83-4AC5-8544-07EC4C6BB8DB}"
EndProject
Project("{FAE04EC0-301F-11D3-BF4B-00C04F79EFBC}") = "MovieApp.Repos", "MovieApp.Repos\MovieApp.Repos.csproj", "{D443FD97-1E97-4F5B-BB93-8C9C74FC0C6A}"
EndProject
Global
	GlobalSection(SolutionConfigurationPlatforms) = preSolution
		Debug|Any CPU = Debug|Any CPU
		Release|Any CPU = Release|Any CPU
	EndGlobalSection
	GlobalSection(ProjectConfigurationPlatforms) = postSolution
		{1F6DA028-D4FA-413F-9CA2-88128394F833}.Debug|Any CPU.ActiveCfg = Debug|Any CPU
		{1F6DA028-D4FA-413F-9CA2-88128394F833}.Debug|Any CPU.Build.0 = Debug|Any CPU
		{1F6DA028-D4FA-413F-9CA2-88128394F833}.Release|Any CPU.ActiveCfg = Release|Any CPU
		{1F6DA028-D4FA-413F-9CA2-88128394F833}.Release|Any CPU.Build.0 = Release|Any CPU
		{87CE6706-FE83-4AC5-8544-07EC4C6BB8DB}.Debug|Any CPU.ActiveCfg = Debug|Any CPU
		{87CE6706-FE83-4AC5-8544-07EC4C6BB8DB}.Debug|Any CPU.Build.0 = Debug|Any CPU
		{87CE6706-FE83-4AC5-8544-07EC4C6BB8DB}.Release|Any CPU.ActiveCfg = Release|Any CPU
		{87CE6706-FE83-4AC5-8544-07EC4C6BB8DB}.Release|Any CPU.Build.0 = Release|Any CPU
		{D443FD97-1E97-4F5B-BB93-8C9C74FC0C6A}.Debug|Any CPU.ActiveCfg = Debug|Any CPU
		{D443FD97-1E97-4F5B-BB93-8C9C74FC0C6A}.Debug|Any CPU.Build.0 = Debug|Any CPU
		{D443FD97-1E97-4F5B-BB93-8C9C74FC0C6A}.Release|Any CPU.ActiveCfg = Release|Any CPU
		{D443FD97-1E97-4F5B-BB93-8C9C74FC0C6A}.Release|Any CPU.Build.0 = Release|Any CPU
	EndGlobalSection
	GlobalSection(SolutionProperties) = preSolution
		HideSolutionNode = FALSE
	EndGlobalSection
	GlobalSection(ExtensibilityGlobals) = postSolution
		SolutionGuid = {7B8E6387-21C9-4F4C-9709-2CFB89B9DFB3}
	EndGlobalSection
EndGlobal
